<?xml version="1.0" encoding="UTF-8"?>
<CONFIG>
  <ProjectOptions>
    <Version Value="12"/>
    <General>
      <SessionStorage Value="InProjectDir"/>
      <Title Value="86Box Manager"/>
      <Scaled Value="True"/>
      <ResourceType Value="res"/>
      <UseXPManifest Value="True"/>
      <XPManifest>
        <DpiAware Value="True"/>
      </XPManifest>
      <Icon Value="0"/>
      <Resources Count="10">
        <Resource_0 FileName="templates/TallGrass.cfg" Type="RCDATA" ResourceName="TALLGRASS"/>
        <Resource_1 FileName="templates/ibmps2_m60.nvr" Type="RCDATA" ResourceName="IBMPS2_M60"/>
        <Resource_2 FileName="templates/asus386.cfg" Type="RCDATA" ResourceName="ASUS386"/>
        <Resource_3 FileName="templates/asus386nvr.nvr" Type="RCDATA" ResourceName="ASUS386NVR"/>
        <Resource_4 FileName="templates/ali486.cfg" Type="RCDATA" ResourceName="ALI486"/>
        <Resource_5 FileName="templates/ali1429.nvr" Type="RCDATA" ResourceName="ALI1429"/>
        <Resource_6 FileName="templates/pentium.cfg" Type="RCDATA" ResourceName="PENTIUM"/>
        <Resource_7 FileName="templates/opti560l.nvr" Type="RCDATA" ResourceName="OPTI560L"/>
        <Resource_8 FileName="templates/aptiva.cfg" Type="RCDATA" ResourceName="APTIVA"/>
        <Resource_9 FileName="templates/p5a.nvr" Type="RCDATA" ResourceName="P5A"/>
      </Resources>
    </General>
    <BuildModes>
      <Item Name="Default" Default="True"/>
      <Item Name="Debug">
        <CompilerOptions>
          <Version Value="11"/>
          <Target>
            <Filename Value="RetroBox"/>
          </Target>
          <SearchPaths>
            <IncludeFiles Value="$(ProjOutDir)"/>
            <UnitOutputDirectory Value="lib/$(TargetCPU)-$(TargetOS)"/>
          </SearchPaths>
          <Parsing>
            <SyntaxOptions>
              <IncludeAssertionCode Value="True"/>
            </SyntaxOptions>
          </Parsing>
          <CodeGeneration>
            <Checks>
              <IOChecks Value="True"/>
              <RangeChecks Value="True"/>
              <OverflowChecks Value="True"/>
              <StackChecks Value="True"/>
            </Checks>
            <VerifyObjMethodCallValidity Value="True"/>
          </CodeGeneration>
          <Linking>
            <Debugging>
              <DebugInfoType Value="dsDwarf3"/>
              <UseHeaptrc Value="True"/>
              <TrashVariables Value="True"/>
              <UseExternalDbgSyms Value="True"/>
            </Debugging>
            <Options>
              <Win32>
                <GraphicApplication Value="True"/>
              </Win32>
            </Options>
          </Linking>
          <Other>
            <CustomOptions Value="-dDEBUG"/>
            <OtherDefines Count="1">
              <Define0 Value="DEBUG"/>
            </OtherDefines>
          </Other>
        </CompilerOptions>
      </Item>
      <Item Name="Release">
        <CompilerOptions>
          <Version Value="11"/>
          <Target>
            <Filename Value="RetroBox"/>
          </Target>
          <SearchPaths>
            <IncludeFiles Value="$(ProjOutDir)"/>
            <UnitOutputDirectory Value="lib/$(TargetCPU)-$(TargetOS)"/>
          </SearchPaths>
          <CodeGeneration>
            <SmartLinkUnit Value="True"/>
            <Optimizations>
              <OptimizationLevel Value="3"/>
            </Optimizations>
          </CodeGeneration>
          <Linking>
            <Debugging>
              <GenerateDebugInfo Value="False"/>
            </Debugging>
            <LinkSmart Value="True"/>
            <Options>
              <Win32>
                <GraphicApplication Value="True"/>
              </Win32>
            </Options>
          </Linking>
          <Other>
            <OtherDefines Count="1">
              <Define0 Value="DEBUG"/>
            </OtherDefines>
          </Other>
        </CompilerOptions>
      </Item>
    </BuildModes>
    <PublishOptions>
      <Version Value="2"/>
      <UseFileFilters Value="True"/>
    </PublishOptions>
    <RunParams>
      <FormatVersion Value="2"/>
    </RunParams>
    <RequiredPackages>
      <Item>
        <PackageName Value="FCL"/>
      </Item>
      <Item>
        <PackageName Value="LCL"/>
      </Item>
    </RequiredPackages>
    <Units>
      <Unit>
        <Filename Value="RetroBox.lpr"/>
        <IsPartOfProject Value="True"/>
      </Unit>
      <Unit>
        <Filename Value="mainwindow.pas"/>
        <IsPartOfProject Value="True"/>
        <ComponentName Value="RetroBoxForm"/>
        <HasResources Value="True"/>
        <ResourceBaseClass Value="Form"/>
        <UnitName Value="MainWindow"/>
      </Unit>
      <Unit>
        <Filename Value="boxtype.pas"/>
        <IsPartOfProject Value="True"/>
      </Unit>
      <Unit>
        <Filename Value="prefswindow.pas"/>
        <IsPartOfProject Value="True"/>
        <ComponentName Value="PrefsForm"/>
        <HasResources Value="True"/>
        <ResourceBaseClass Value="Form"/>
        <UnitName Value="PrefsWindow"/>
      </Unit>
      <Unit>
        <Filename Value="newsystemwindow.pas"/>
        <IsPartOfProject Value="True"/>
        <ComponentName Value="NewSystemForm"/>
        <HasResources Value="True"/>
        <ResourceBaseClass Value="Form"/>
        <UnitName Value="NewSystemWindow"/>
      </Unit>
      <Unit>
        <Filename Value="iconselectwindow.pas"/>
        <IsPartOfProject Value="True"/>
        <ComponentName Value="IconSelectForm"/>
        <HasResources Value="True"/>
        <ResourceBaseClass Value="Form"/>
        <UnitName Value="IconSelectWindow"/>
      </Unit>
    </Units>
  </ProjectOptions>
  <CompilerOptions>
    <Version Value="11"/>
    <Target>
      <Filename Value="RetroBox"/>
    </Target>
    <SearchPaths>
      <IncludeFiles Value="$(ProjOutDir)"/>
      <UnitOutputDirectory Value="lib/$(TargetCPU)-$(TargetOS)"/>
    </SearchPaths>
    <Linking>
      <Options>
        <Win32>
          <GraphicApplication Value="True"/>
        </Win32>
      </Options>
    </Linking>
  </CompilerOptions>
  <Debugging>
    <Exceptions>
      <Item>
        <Name Value="EAbort"/>
      </Item>
      <Item>
        <Name Value="ECodetoolError"/>
      </Item>
      <Item>
        <Name Value="EFOpenError"/>
      </Item>
    </Exceptions>
  </Debugging>
</CONFIG>
